// !$*UTF8*$!
{
	archiveVersion = 1;
	classes = {
	};
	objectVersion = 50;
	objects = {

/* Begin PBXBuildFile section */
		D5582B5224F06508001EFAE2 /* countOnMeCalculatorTest.swift in Sources */ = {isa = PBXBuildFile; fileRef = D5582B5124F06508001EFAE2 /* countOnMeCalculatorTest.swift */; };
		D583156C24E1B857002107C3 /* CountOnMeCalculator.swift in Sources */ = {isa = PBXBuildFile; fileRef = D583156B24E1B857002107C3 /* CountOnMeCalculator.swift */; };
		D58CE87D24B13DD0003B27DF /* AppDelegate.swift in Sources */ = {isa = PBXBuildFile; fileRef = D58CE87C24B13DD0003B27DF /* AppDelegate.swift */; };
		D58CE87F24B13DD0003B27DF /* SceneDelegate.swift in Sources */ = {isa = PBXBuildFile; fileRef = D58CE87E24B13DD0003B27DF /* SceneDelegate.swift */; };
		D58CE88124B13DD0003B27DF /* ViewController.swift in Sources */ = {isa = PBXBuildFile; fileRef = D58CE88024B13DD0003B27DF /* ViewController.swift */; };
		D58CE88424B13DD0003B27DF /* Main.storyboard in Resources */ = {isa = PBXBuildFile; fileRef = D58CE88224B13DD0003B27DF /* Main.storyboard */; };
		D58CE88624B13DD2003B27DF /* Assets.xcassets in Resources */ = {isa = PBXBuildFile; fileRef = D58CE88524B13DD2003B27DF /* Assets.xcassets */; };
		D58CE88924B13DD2003B27DF /* LaunchScreen.storyboard in Resources */ = {isa = PBXBuildFile; fileRef = D58CE88724B13DD2003B27DF /* LaunchScreen.storyboard */; };
/* End PBXBuildFile section */

/* Begin PBXContainerItemProxy section */
		D5582B4C24F06377001EFAE2 /* PBXContainerItemProxy */ = {
			isa = PBXContainerItemProxy;
			containerPortal = D58CE87124B13DCF003B27DF /* Project object */;
			proxyType = 1;
			remoteGlobalIDString = D58CE87824B13DD0003B27DF;
			remoteInfo = "Calculette-version1";
		};
/* End PBXContainerItemProxy section */

/* Begin PBXFileReference section */
		D5582B4724F06377001EFAE2 /* Calculette-version1Tests.xctest */ = {isa = PBXFileReference; explicitFileType = wrapper.cfbundle; includeInIndex = 0; path = "Calculette-version1Tests.xctest"; sourceTree = BUILT_PRODUCTS_DIR; };
		D5582B4B24F06377001EFAE2 /* Info.plist */ = {isa = PBXFileReference; lastKnownFileType = text.plist.xml; path = Info.plist; sourceTree = "<group>"; };
		D5582B5124F06508001EFAE2 /* countOnMeCalculatorTest.swift */ = {isa = PBXFileReference; lastKnownFileType = sourcecode.swift; path = countOnMeCalculatorTest.swift; sourceTree = "<group>"; };
		D583156B24E1B857002107C3 /* CountOnMeCalculator.swift */ = {isa = PBXFileReference; lastKnownFileType = sourcecode.swift; path = CountOnMeCalculator.swift; sourceTree = "<group>"; };
		D58CE87924B13DD0003B27DF /* Calculette-version1.app */ = {isa = PBXFileReference; explicitFileType = wrapper.application; includeInIndex = 0; path = "Calculette-version1.app"; sourceTree = BUILT_PRODUCTS_DIR; };
		D58CE87C24B13DD0003B27DF /* AppDelegate.swift */ = {isa = PBXFileReference; lastKnownFileType = sourcecode.swift; path = AppDelegate.swift; sourceTree = "<group>"; };
		D58CE87E24B13DD0003B27DF /* SceneDelegate.swift */ = {isa = PBXFileReference; lastKnownFileType = sourcecode.swift; path = SceneDelegate.swift; sourceTree = "<group>"; };
		D58CE88024B13DD0003B27DF /* ViewController.swift */ = {isa = PBXFileReference; lastKnownFileType = sourcecode.swift; path = ViewController.swift; sourceTree = "<group>"; };
		D58CE88324B13DD0003B27DF /* Base */ = {isa = PBXFileReference; lastKnownFileType = file.storyboard; name = Base; path = Base.lproj/Main.storyboard; sourceTree = "<group>"; };
		D58CE88524B13DD2003B27DF /* Assets.xcassets */ = {isa = PBXFileReference; lastKnownFileType = folder.assetcatalog; path = Assets.xcassets; sourceTree = "<group>"; };
		D58CE88824B13DD2003B27DF /* Base */ = {isa = PBXFileReference; lastKnownFileType = file.storyboard; name = Base; path = Base.lproj/LaunchScreen.storyboard; sourceTree = "<group>"; };
		D58CE88A24B13DD2003B27DF /* Info.plist */ = {isa = PBXFileReference; lastKnownFileType = text.plist.xml; path = Info.plist; sourceTree = "<group>"; };
/* End PBXFileReference section */

/* Begin PBXFrameworksBuildPhase section */
		D5582B4424F06377001EFAE2 /* Frameworks */ = {
			isa = PBXFrameworksBuildPhase;
			buildActionMask = 2147483647;
			files = (
			);
			runOnlyForDeploymentPostprocessing = 0;
		};
		D58CE87624B13DD0003B27DF /* Frameworks */ = {
			isa = PBXFrameworksBuildPhase;
			buildActionMask = 2147483647;
			files = (
			);
			runOnlyForDeploymentPostprocessing = 0;
		};
/* End PBXFrameworksBuildPhase section */

/* Begin PBXGroup section */
		D5582B4824F06377001EFAE2 /* Calculette-version1Tests */ = {
			isa = PBXGroup;
			children = (
				D5582B4B24F06377001EFAE2 /* Info.plist */,
				D5582B5124F06508001EFAE2 /* countOnMeCalculatorTest.swift */,
			);
			path = "Calculette-version1Tests";
			sourceTree = "<group>";
		};
		D583156824E1B7E7002107C3 /* model */ = {
			isa = PBXGroup;
			children = (
				D583156B24E1B857002107C3 /* CountOnMeCalculator.swift */,
			);
			path = model;
			sourceTree = "<group>";
		};
		D58CE87024B13DCF003B27DF = {
			isa = PBXGroup;
			children = (
				D583156824E1B7E7002107C3 /* model */,
				D58CE87B24B13DD0003B27DF /* Calculette-version1 */,
				D5582B4824F06377001EFAE2 /* Calculette-version1Tests */,
				D58CE87A24B13DD0003B27DF /* Products */,
			);
			sourceTree = "<group>";
		};
		D58CE87A24B13DD0003B27DF /* Products */ = {
			isa = PBXGroup;
			children = (
				D58CE87924B13DD0003B27DF /* Calculette-version1.app */,
				D5582B4724F06377001EFAE2 /* Calculette-version1Tests.xctest */,
			);
			name = Products;
			sourceTree = "<group>";
		};
		D58CE87B24B13DD0003B27DF /* Calculette-version1 */ = {
			isa = PBXGroup;
			children = (
				D58CE88024B13DD0003B27DF /* ViewController.swift */,
				D58CE87C24B13DD0003B27DF /* AppDelegate.swift */,
				D58CE87E24B13DD0003B27DF /* SceneDelegate.swift */,
				D58CE88224B13DD0003B27DF /* Main.storyboard */,
				D58CE88524B13DD2003B27DF /* Assets.xcassets */,
				D58CE88724B13DD2003B27DF /* LaunchScreen.storyboard */,
				D58CE88A24B13DD2003B27DF /* Info.plist */,
			);
			path = "Calculette-version1";
			sourceTree = "<group>";
		};
/* End PBXGroup section */

/* Begin PBXNativeTarget section */
		D5582B4624F06377001EFAE2 /* Calculette-version1Tests */ = {
			isa = PBXNativeTarget;
			buildConfigurationList = D5582B5024F06377001EFAE2 /* Build configuration list for PBXNativeTarget "Calculette-version1Tests" */;
			buildPhases = (
				D5582B4324F06377001EFAE2 /* Sources */,
				D5582B4424F06377001EFAE2 /* Frameworks */,
				D5582B4524F06377001EFAE2 /* Resources */,
			);
			buildRules = (
			);
			dependencies = (
				D5582B4D24F06377001EFAE2 /* PBXTargetDependency */,
			);
			name = "Calculette-version1Tests";
			productName = "Calculette-version1Tests";
			productReference = D5582B4724F06377001EFAE2 /* Calculette-version1Tests.xctest */;
			productType = "com.apple.product-type.bundle.unit-test";
		};
		D58CE87824B13DD0003B27DF /* Calculette-version1 */ = {
			isa = PBXNativeTarget;
			buildConfigurationList = D58CE88D24B13DD2003B27DF /* Build configuration list for PBXNativeTarget "Calculette-version1" */;
			buildPhases = (
				D58CE87524B13DD0003B27DF /* Sources */,
				D58CE87624B13DD0003B27DF /* Frameworks */,
				D58CE87724B13DD0003B27DF /* Resources */,
			);
			buildRules = (
			);
			dependencies = (
			);
			name = "Calculette-version1";
			productName = "Calculette-version1";
			productReference = D58CE87924B13DD0003B27DF /* Calculette-version1.app */;
			productType = "com.apple.product-type.application";
		};
/* End PBXNativeTarget section */

/* Begin PBXProject section */
		D58CE87124B13DCF003B27DF /* Project object */ = {
			isa = PBXProject;
			attributes = {
				LastSwiftUpdateCheck = 1160;
				LastUpgradeCheck = 1150;
				ORGANIZATIONNAME = armellelecerf;
				TargetAttributes = {
					D5582B4624F06377001EFAE2 = {
						CreatedOnToolsVersion = 11.6;
						TestTargetID = D58CE87824B13DD0003B27DF;
					};
					D58CE87824B13DD0003B27DF = {
						CreatedOnToolsVersion = 11.5;
					};
				};
			};
			buildConfigurationList = D58CE87424B13DCF003B27DF /* Build configuration list for PBXProject "Calculette-version1" */;
			compatibilityVersion = "Xcode 9.3";
			developmentRegion = en;
			hasScannedForEncodings = 0;
			knownRegions = (
				en,
				Base,
			);
			mainGroup = D58CE87024B13DCF003B27DF;
			productRefGroup = D58CE87A24B13DD0003B27DF /* Products */;
			projectDirPath = "";
			projectRoot = "";
			targets = (
				D58CE87824B13DD0003B27DF /* Calculette-version1 */,
				D5582B4624F06377001EFAE2 /* Calculette-version1Tests */,
			);
		};
/* End PBXProject section */

/* Begin PBXResourcesBuildPhase section */
		D5582B4524F06377001EFAE2 /* Resources */ = {
			isa = PBXResourcesBuildPhase;
			buildActionMask = 2147483647;
			files = (
			);
			runOnlyForDeploymentPostprocessing = 0;
		};
		D58CE87724B13DD0003B27DF /* Resources */ = {
			isa = PBXResourcesBuildPhase;
			buildActionMask = 2147483647;
			files = (
				D58CE88924B13DD2003B27DF /* LaunchScreen.storyboard in Resources */,
				D58CE88624B13DD2003B27DF /* Assets.xcassets in Resources */,
				D58CE88424B13DD0003B27DF /* Main.storyboard in Resources */,
			);
			runOnlyForDeploymentPostprocessing = 0;
		};
/* End PBXResourcesBuildPhase section */

/* Begin PBXSourcesBuildPhase section */
		D5582B4324F06377001EFAE2 /* Sources */ = {
			isa = PBXSourcesBuildPhase;
			buildActionMask = 2147483647;
			files = (
				D5582B5224F06508001EFAE2 /* countOnMeCalculatorTest.swift in Sources */,
			);
			runOnlyForDeploymentPostprocessing = 0;
		};
		D58CE87524B13DD0003B27DF /* Sources */ = {
			isa = PBXSourcesBuildPhase;
			buildActionMask = 2147483647;
			files = (
				D58CE88124B13DD0003B27DF /* ViewController.swift in Sources */,
				D58CE87D24B13DD0003B27DF /* AppDelegate.swift in Sources */,
				D583156C24E1B857002107C3 /* CountOnMeCalculator.swift in Sources */,
				D58CE87F24B13DD0003B27DF /* SceneDelegate.swift in Sources */,
			);
			runOnlyForDeploymentPostprocessing = 0;
		};
/* End PBXSourcesBuildPhase section */

/* Begin PBXTargetDependency section */
		D5582B4D24F06377001EFAE2 /* PBXTargetDependency */ = {
			isa = PBXTargetDependency;
			target = D58CE87824B13DD0003B27DF /* Calculette-version1 */;
			targetProxy = D5582B4C24F06377001EFAE2 /* PBXContainerItemProxy */;
		};
/* End PBXTargetDependency section */

/* Begin PBXVariantGroup section */
		D58CE88224B13DD0003B27DF /* Main.storyboard */ = {
			isa = PBXVariantGroup;
			children = (
				D58CE88324B13DD0003B27DF /* Base */,
			);
			name = Main.storyboard;
			sourceTree = "<group>";
		};
		D58CE88724B13DD2003B27DF /* LaunchScreen.storyboard */ = {
			isa = PBXVariantGroup;
			children = (
				D58CE88824B13DD2003B27DF /* Base */,
			);
			name = LaunchScreen.storyboard;
			sourceTree = "<group>";
		};
/* End PBXVariantGroup section */

/* Begin XCBuildConfiguration section */
		D5582B4E24F06377001EFAE2 /* Debug */ = {
			isa = XCBuildConfiguration;
			buildSettings = {
				BUNDLE_LOADER = "$(TEST_HOST)";
				CODE_SIGN_STYLE = Automatic;
				INFOPLIST_FILE = "Calculette-version1Tests/Info.plist";
				IPHONEOS_DEPLOYMENT_TARGET = 13.2;
				LD_RUNPATH_SEARCH_PATHS = (
					"$(inherited)",
					"@executable_path/Frameworks",
					"@loader_path/Frameworks",
				);
				PRODUCT_BUNDLE_IDENTIFIER = "com.armellelecerf.Calculette-version1Tests";
				PRODUCT_NAME = "$(TARGET_NAME)";
				SWIFT_VERSION = 5.0;
				TARGETED_DEVICE_FAMILY = "1,2";
				TEST_HOST = "$(BUILT_PRODUCTS_DIR)/Calculette-version1.app/Calculette-version1";
			};
			name = Debug;
		};
		D5582B4F24F06377001EFAE2 /* Release */ = {
			isa = XCBuildConfiguration;
			buildSettings = {
				BUNDLE_LOADER = "$(TEST_HOST)";
				CODE_SIGN_STYLE = Automatic;
				INFOPLIST_FILE = "Calculette-version1Tests/Info.plist";
				IPHONEOS_DEPLOYMENT_TARGET = 13.2;
				LD_RUNPATH_SEARCH_PATHS = (
					"$(inherited)",
					"@executable_path/Frameworks",
					"@loader_path/Frameworks",
				);
				PRODUCT_BUNDLE_IDENTIFIER = "com.armellelecerf.Calculette-version1Tests";
				PRODUCT_NAME = "$(TARGET_NAME)";
				SWIFT_VERSION = 5.0;
				TARGETED_DEVICE_FAMILY = "1,2";
				TEST_HOST = "$(BUILT_PRODUCTS_DIR)/Calculette-version1.app/Calculette-version1";
			};
			name = Release;
		};
		D58CE88B24B13DD2003B27DF /* Debug */ = {
			isa = XCBuildConfiguration;
			buildSettings = {
				ALWAYS_SEARCH_USER_PATHS = NO;
				CLANG_ANALYZER_NONNULL = YES;
				CLANG_ANALYZER_NUMBER_OBJECT_CONVERSION = YES_AGGRESSIVE;
				CLANG_CXX_LANGUAGE_STANDARD = "gnu++14";
				CLANG_CXX_LIBRARY = "libc++";
				CLANG_ENABLE_MODULES = YES;
				CLANG_ENABLE_OBJC_ARC = YES;
				CLANG_ENABLE_OBJC_WEAK = YES;
				CLANG_WARN_BLOCK_CAPTURE_AUTORELEASING = YES;
				CLANG_WARN_BOOL_CONVERSION = YES;
				CLANG_WARN_COMMA = YES;
				CLANG_WARN_CONSTANT_CONVERSION = YES;
				CLANG_WARN_DEPRECATED_OBJC_IMPLEMENTATIONS = YES;
				CLANG_WARN_DIRECT_OBJC_ISA_USAGE = YES_ERROR;
				CLANG_WARN_DOCUMENTATION_COMMENTS = YES;
				CLANG_WARN_EMPTY_BODY = YES;
				CLANG_WARN_ENUM_CONVERSION = YES;
				CLANG_WARN_INFINITE_RECURSION = YES;
				CLANG_WARN_INT_CONVERSION = YES;
				CLANG_WARN_NON_LITERAL_NULL_CONVERSION = YES;
				CLANG_WARN_OBJC_IMPLICIT_RETAIN_SELF = YES;
				CLANG_WARN_OBJC_LITERAL_CONVERSION = YES;
				CLANG_WARN_OBJC_ROOT_CLASS = YES_ERROR;
				CLANG_WARN_RANGE_LOOP_ANALYSIS = YES;
				CLANG_WARN_STRICT_PROTOTYPES = YES;
				CLANG_WARN_SUSPICIOUS_MOVE = YES;
				CLANG_WARN_UNGUARDED_AVAILABILITY = YES_AGGRESSIVE;
				CLANG_WARN_UNREACHABLE_CODE = YES;
				CLANG_WARN__DUPLICATE_METHOD_MATCH = YES;
				COPY_PHASE_STRIP = NO;
				DEBUG_INFORMATION_FORMAT = dwarf;
				ENABLE_STRICT_OBJC_MSGSEND = YES;
				ENABLE_TESTABILITY = YES;
				GCC_C_LANGUAGE_STANDARD = gnu11;
				GCC_DYNAMIC_NO_PIC = NO;
				GCC_NO_COMMON_BLOCKS = YES;
				GCC_OPTIMIZATION_LEVEL = 0;
				GCC_PREPROCESSOR_DEFINITIONS = (
					"DEBUG=1",
					"$(inherited)",
				);
				GCC_WARN_64_TO_32_BIT_CONVERSION = YES;
				GCC_WARN_ABOUT_RETURN_TYPE = YES_ERROR;
				GCC_WARN_UNDECLARED_SELECTOR = YES;
				GCC_WARN_UNINITIALIZED_AUTOS = YES_AGGRESSIVE;
				GCC_WARN_UNUSED_FUNCTION = YES;
				GCC_WARN_UNUSED_VARIABLE = YES;
				IPHONEOS_DEPLOYMENT_TARGET = 13.5;
				MTL_ENABLE_DEBUG_INFO = INCLUDE_SOURCE;
				MTL_FAST_MATH = YES;
				ONLY_ACTIVE_ARCH = YES;
				SDKROOT = iphoneos;
				SWIFT_ACTIVE_COMPILATION_CONDITIONS = DEBUG;
				SWIFT_OPTIMIZATION_LEVEL = "-Onone";
			};
			name = Debug;
		};
		D58CE88C24B13DD2003B27DF /* Release */ = {
			isa = XCBuildConfiguration;
			buildSettings = {
				ALWAYS_SEARCH_USER_PATHS = NO;
				CLANG_ANALYZER_NONNULL = YES;
				CLANG_ANALYZER_NUMBER_OBJECT_CONVERSION = YES_AGGRESSIVE;
				CLANG_CXX_LANGUAGE_STANDARD = "gnu++14";
				CLANG_CXX_LIBRARY = "libc++";
				CLANG_ENABLE_MODULES = YES;
				CLANG_ENABLE_OBJC_ARC = YES;
				CLANG_ENABLE_OBJC_WEAK = YES;
				CLANG_WARN_BLOCK_CAPTURE_AUTORELEASING = YES;
				CLANG_WARN_BOOL_CONVERSION = YES;
				CLANG_WARN_COMMA = YES;
				CLANG_WARN_CONSTANT_CONVERSION = YES;
				CLANG_WARN_DEPRECATED_OBJC_IMPLEMENTATIONS = YES;
				CLANG_WARN_DIRECT_OBJC_ISA_USAGE = YES_ERROR;
				CLANG_WARN_DOCUMENTATION_COMMENTS = YES;
				CLANG_WARN_EMPTY_BODY = YES;
				CLANG_WARN_ENUM_CONVERSION = YES;
				CLANG_WARN_INFINITE_RECURSION = YES;
				CLANG_WARN_INT_CONVERSION = YES;
				CLANG_WARN_NON_LITERAL_NULL_CONVERSION = YES;
				CLANG_WARN_OBJC_IMPLICIT_RETAIN_SELF = YES;
				CLANG_WARN_OBJC_LITERAL_CONVERSION = YES;
				CLANG_WARN_OBJC_ROOT_CLASS = YES_ERROR;
				CLANG_WARN_RANGE_LOOP_ANALYSIS = YES;
				CLANG_WARN_STRICT_PROTOTYPES = YES;
				CLANG_WARN_SUSPICIOUS_MOVE = YES;
				CLANG_WARN_UNGUARDED_AVAILABILITY = YES_AGGRESSIVE;
				CLANG_WARN_UNREACHABLE_CODE = YES;
				CLANG_WARN__DUPLICATE_METHOD_MATCH = YES;
				COPY_PHASE_STRIP = NO;
				DEBUG_INFORMATION_FORMAT = "dwarf-with-dsym";
				ENABLE_NS_ASSERTIONS = NO;
				ENABLE_STRICT_OBJC_MSGSEND = YES;
				GCC_C_LANGUAGE_STANDARD = gnu11;
				GCC_NO_COMMON_BLOCKS = YES;
				GCC_WARN_64_TO_32_BIT_CONVERSION = YES;
				GCC_WARN_ABOUT_RETURN_TYPE = YES_ERROR;
				GCC_WARN_UNDECLARED_SELECTOR = YES;
				GCC_WARN_UNINITIALIZED_AUTOS = YES_AGGRESSIVE;
				GCC_WARN_UNUSED_FUNCTION = YES;
				GCC_WARN_UNUSED_VARIABLE = YES;
				IPHONEOS_DEPLOYMENT_TARGET = 13.5;
				MTL_ENABLE_DEBUG_INFO = NO;
				MTL_FAST_MATH = YES;
				SDKROOT = iphoneos;
				SWIFT_COMPILATION_MODE = wholemodule;
				SWIFT_OPTIMIZATION_LEVEL = "-O";
				VALIDATE_PRODUCT = YES;
			};
			name = Release;
		};
		D58CE88E24B13DD2003B27DF /* Debug */ = {
			isa = XCBuildConfiguration;
			buildSettings = {
				ASSETCATALOG_COMPILER_APPICON_NAME = AppIcon;
				CODE_SIGN_STYLE = Automatic;
				DEVELOPMENT_TEAM = K8M973GY56;
				INFOPLIST_FILE = "Calculette-version1/Info.plist";
				IPHONEOS_DEPLOYMENT_TARGET = 13.2;
				LD_RUNPATH_SEARCH_PATHS = (
					"$(inherited)",
					"@executable_path/Frameworks",
				);
				PRODUCT_BUNDLE_IDENTIFIER = "com.armellelecerf.Calculette-version1";
				PRODUCT_NAME = "$(TARGET_NAME)";
				SWIFT_VERSION = 5.0;
				TARGETED_DEVICE_FAMILY = "1,2";
			};
			name = Debug;
		};
		D58CE88F24B13DD2003B27DF /* Release */ = {
			isa = XCBuildConfiguration;
			buildSettings = {
				ASSETCATALOG_COMPILER_APPICON_NAME = AppIcon;
				CODE_SIGN_STYLE = Automatic;
				DEVELOPMENT_TEAM = K8M973GY56;
				INFOPLIST_FILE = "Calculette-version1/Info.plist";
				IPHONEOS_DEPLOYMENT_TARGET = 13.2;
				LD_RUNPATH_SEARCH_PATHS = (
					"$(inherited)",
					"@executable_path/Frameworks",
				);
				PRODUCT_BUNDLE_IDENTIFIER = "com.armellelecerf.Calculette-version1";
				PRODUCT_NAME = "$(TARGET_NAME)";
				SWIFT_VERSION = 5.0;
				TARGETED_DEVICE_FAMILY = "1,2";
			};
			name = Release;
		};
/* End XCBuildConfiguration section */

/* Begin XCConfigurationList section */
		D5582B5024F06377001EFAE2 /* Build configuration list for PBXNativeTarget "Calculette-version1Tests" */ = {
			isa = XCConfigurationList;
			buildConfigurations = (
				D5582B4E24F06377001EFAE2 /* Debug */,
				D5582B4F24F06377001EFAE2 /* Release */,
			);
			defaultConfigurationIsVisible = 0;
			defaultConfigurationName = Release;
		};
		D58CE87424B13DCF003B27DF /* Build configuration list for PBXProject "Calculette-version1" */ = {
			isa = XCConfigurationList;
			buildConfigurations = (
				D58CE88B24B13DD2003B27DF /* Debug */,
				D58CE88C24B13DD2003B27DF /* Release */,
			);
			defaultConfigurationIsVisible = 0;
			defaultConfigurationName = Release;
		};
		D58CE88D24B13DD2003B27DF /* Build configuration list for PBXNativeTarget "Calculette-version1" */ = {
			isa = XCConfigurationList;
			buildConfigurations = (
				D58CE88E24B13DD2003B27DF /* Debug */,
				D58CE88F24B13DD2003B27DF /* Release */,
			);
			defaultConfigurationIsVisible = 0;
			defaultConfigurationName = Release;
		};
/* End XCConfigurationList section */
	};
	rootObject = D58CE87124B13DCF003B27DF /* Project object */;
}
